// !$*UTF8*$!
{
	archiveVersion = 1;
	classes = {
	};
	objectVersion = 56;
	objects = {

/* Begin PBXBuildFile section */
		EBCBD82F2B1ABDB60088789B /* CountryPicker in Frameworks */ = {isa = PBXBuildFile; productRef = EBCBD82E2B1ABDB60088789B /* CountryPicker */; };
		EBE65F6C2B1A4FB2003D865D /* AndOneApp.swift in Sources */ = {isa = PBXBuildFile; fileRef = EBE65F6B2B1A4FB2003D865D /* AndOneApp.swift */; };
		EBE65F6E2B1A4FB2003D865D /* ContentView.swift in Sources */ = {isa = PBXBuildFile; fileRef = EBE65F6D2B1A4FB2003D865D /* ContentView.swift */; };
		EBE65F702B1A4FB3003D865D /* Assets.xcassets in Resources */ = {isa = PBXBuildFile; fileRef = EBE65F6F2B1A4FB3003D865D /* Assets.xcassets */; };
		EBE65F732B1A4FB3003D865D /* Preview Assets.xcassets in Resources */ = {isa = PBXBuildFile; fileRef = EBE65F722B1A4FB3003D865D /* Preview Assets.xcassets */; };
		EBE65F7D2B1A4FB3003D865D /* AndOneTests.swift in Sources */ = {isa = PBXBuildFile; fileRef = EBE65F7C2B1A4FB3003D865D /* AndOneTests.swift */; };
		EBE65F872B1A4FB3003D865D /* AndOneUITests.swift in Sources */ = {isa = PBXBuildFile; fileRef = EBE65F862B1A4FB3003D865D /* AndOneUITests.swift */; };
		EBE65F892B1A4FB3003D865D /* AndOneUITestsLaunchTests.swift in Sources */ = {isa = PBXBuildFile; fileRef = EBE65F882B1A4FB3003D865D /* AndOneUITestsLaunchTests.swift */; };
		EBE65F9B2B1A5126003D865D /* WelcomeView.swift in Sources */ = {isa = PBXBuildFile; fileRef = EBE65F9A2B1A5126003D865D /* WelcomeView.swift */; };
		EBE65F9D2B1A5444003D865D /* UIExtension.swift in Sources */ = {isa = PBXBuildFile; fileRef = EBE65F9C2B1A5444003D865D /* UIExtension.swift */; };
		EBE65FA82B1A6F90003D865D /* RoundButton.swift in Sources */ = {isa = PBXBuildFile; fileRef = EBE65FA72B1A6F90003D865D /* RoundButton.swift */; };
		EBE65FAA2B1A73B4003D865D /* SignInView.swift in Sources */ = {isa = PBXBuildFile; fileRef = EBE65FA92B1A73B4003D865D /* SignInView.swift */; };
		EBE65FAD2B1AB2F3003D865D /* CountryPickerUI.swift in Sources */ = {isa = PBXBuildFile; fileRef = EBE65FAC2B1AB2F3003D865D /* CountryPickerUI.swift */; };
		EBF73D2D2B1BB91C00849F9F /* LoginView.swift in Sources */ = {isa = PBXBuildFile; fileRef = EBF73D2C2B1BB91C00849F9F /* LoginView.swift */; };
		EBF73D332B1BC22200849F9F /* Gilroy-SemiBold.otf in Resources */ = {isa = PBXBuildFile; fileRef = EBF73D2F2B1BC22200849F9F /* Gilroy-SemiBold.otf */; };
		EBF73D342B1BC22200849F9F /* Gilroy-Bold.otf in Resources */ = {isa = PBXBuildFile; fileRef = EBF73D302B1BC22200849F9F /* Gilroy-Bold.otf */; };
		EBF73D352B1BC22200849F9F /* Gilroy-Regular.otf in Resources */ = {isa = PBXBuildFile; fileRef = EBF73D312B1BC22200849F9F /* Gilroy-Regular.otf */; };
		EBF73D362B1BC22200849F9F /* Gilroy-Medium.otf in Resources */ = {isa = PBXBuildFile; fileRef = EBF73D322B1BC22200849F9F /* Gilroy-Medium.otf */; };
		EBF73D382B1CAE1600849F9F /* MainViewModel.swift in Sources */ = {isa = PBXBuildFile; fileRef = EBF73D372B1CAE1600849F9F /* MainViewModel.swift */; };
		EBF73D3A2B1CB03500849F9F /* LineTextField.swift in Sources */ = {isa = PBXBuildFile; fileRef = EBF73D392B1CB03500849F9F /* LineTextField.swift */; };
/* End PBXBuildFile section */

/* Begin PBXContainerItemProxy section */
		EBE65F792B1A4FB3003D865D /* PBXContainerItemProxy */ = {
			isa = PBXContainerItemProxy;
			containerPortal = EBE65F602B1A4FB2003D865D /* Project object */;
			proxyType = 1;
			remoteGlobalIDString = EBE65F672B1A4FB2003D865D;
			remoteInfo = AndOne;
		};
		EBE65F832B1A4FB3003D865D /* PBXContainerItemProxy */ = {
			isa = PBXContainerItemProxy;
			containerPortal = EBE65F602B1A4FB2003D865D /* Project object */;
			proxyType = 1;
			remoteGlobalIDString = EBE65F672B1A4FB2003D865D;
			remoteInfo = AndOne;
		};
/* End PBXContainerItemProxy section */

/* Begin PBXFileReference section */
		EBE65F682B1A4FB2003D865D /* AndOne.app */ = {isa = PBXFileReference; explicitFileType = wrapper.application; includeInIndex = 0; path = AndOne.app; sourceTree = BUILT_PRODUCTS_DIR; };
		EBE65F6B2B1A4FB2003D865D /* AndOneApp.swift */ = {isa = PBXFileReference; lastKnownFileType = sourcecode.swift; path = AndOneApp.swift; sourceTree = "<group>"; };
		EBE65F6D2B1A4FB2003D865D /* ContentView.swift */ = {isa = PBXFileReference; lastKnownFileType = sourcecode.swift; path = ContentView.swift; sourceTree = "<group>"; };
		EBE65F6F2B1A4FB3003D865D /* Assets.xcassets */ = {isa = PBXFileReference; lastKnownFileType = folder.assetcatalog; path = Assets.xcassets; sourceTree = "<group>"; };
		EBE65F722B1A4FB3003D865D /* Preview Assets.xcassets */ = {isa = PBXFileReference; lastKnownFileType = folder.assetcatalog; path = "Preview Assets.xcassets"; sourceTree = "<group>"; };
		EBE65F782B1A4FB3003D865D /* AndOneTests.xctest */ = {isa = PBXFileReference; explicitFileType = wrapper.cfbundle; includeInIndex = 0; path = AndOneTests.xctest; sourceTree = BUILT_PRODUCTS_DIR; };
		EBE65F7C2B1A4FB3003D865D /* AndOneTests.swift */ = {isa = PBXFileReference; lastKnownFileType = sourcecode.swift; path = AndOneTests.swift; sourceTree = "<group>"; };
		EBE65F822B1A4FB3003D865D /* AndOneUITests.xctest */ = {isa = PBXFileReference; explicitFileType = wrapper.cfbundle; includeInIndex = 0; path = AndOneUITests.xctest; sourceTree = BUILT_PRODUCTS_DIR; };
		EBE65F862B1A4FB3003D865D /* AndOneUITests.swift */ = {isa = PBXFileReference; lastKnownFileType = sourcecode.swift; path = AndOneUITests.swift; sourceTree = "<group>"; };
		EBE65F882B1A4FB3003D865D /* AndOneUITestsLaunchTests.swift */ = {isa = PBXFileReference; lastKnownFileType = sourcecode.swift; path = AndOneUITestsLaunchTests.swift; sourceTree = "<group>"; };
		EBE65F9A2B1A5126003D865D /* WelcomeView.swift */ = {isa = PBXFileReference; lastKnownFileType = sourcecode.swift; path = WelcomeView.swift; sourceTree = "<group>"; };
		EBE65F9C2B1A5444003D865D /* UIExtension.swift */ = {isa = PBXFileReference; lastKnownFileType = sourcecode.swift; path = UIExtension.swift; sourceTree = "<group>"; };
		EBE65FA72B1A6F90003D865D /* RoundButton.swift */ = {isa = PBXFileReference; lastKnownFileType = sourcecode.swift; path = RoundButton.swift; sourceTree = "<group>"; };
		EBE65FA92B1A73B4003D865D /* SignInView.swift */ = {isa = PBXFileReference; lastKnownFileType = sourcecode.swift; path = SignInView.swift; sourceTree = "<group>"; };
		EBE65FAC2B1AB2F3003D865D /* CountryPickerUI.swift */ = {isa = PBXFileReference; lastKnownFileType = sourcecode.swift; path = CountryPickerUI.swift; sourceTree = "<group>"; };
		EBF73D2B2B1BB3A900849F9F /* Info.plist */ = {isa = PBXFileReference; lastKnownFileType = text.plist; path = Info.plist; sourceTree = "<group>"; };
		EBF73D2C2B1BB91C00849F9F /* LoginView.swift */ = {isa = PBXFileReference; lastKnownFileType = sourcecode.swift; path = LoginView.swift; sourceTree = "<group>"; };
		EBF73D2F2B1BC22200849F9F /* Gilroy-SemiBold.otf */ = {isa = PBXFileReference; lastKnownFileType = file; path = "Gilroy-SemiBold.otf"; sourceTree = "<group>"; };
		EBF73D302B1BC22200849F9F /* Gilroy-Bold.otf */ = {isa = PBXFileReference; lastKnownFileType = file; path = "Gilroy-Bold.otf"; sourceTree = "<group>"; };
		EBF73D312B1BC22200849F9F /* Gilroy-Regular.otf */ = {isa = PBXFileReference; lastKnownFileType = file; path = "Gilroy-Regular.otf"; sourceTree = "<group>"; };
		EBF73D322B1BC22200849F9F /* Gilroy-Medium.otf */ = {isa = PBXFileReference; lastKnownFileType = file; path = "Gilroy-Medium.otf"; sourceTree = "<group>"; };
		EBF73D372B1CAE1600849F9F /* MainViewModel.swift */ = {isa = PBXFileReference; lastKnownFileType = sourcecode.swift; path = MainViewModel.swift; sourceTree = "<group>"; };
		EBF73D392B1CB03500849F9F /* LineTextField.swift */ = {isa = PBXFileReference; lastKnownFileType = sourcecode.swift; path = LineTextField.swift; sourceTree = "<group>"; };
/* End PBXFileReference section */

/* Begin PBXFrameworksBuildPhase section */
		EBE65F652B1A4FB2003D865D /* Frameworks */ = {
			isa = PBXFrameworksBuildPhase;
			buildActionMask = 2147483647;
			files = (
				EBCBD82F2B1ABDB60088789B /* CountryPicker in Frameworks */,
			);
			runOnlyForDeploymentPostprocessing = 0;
		};
		EBE65F752B1A4FB3003D865D /* Frameworks */ = {
			isa = PBXFrameworksBuildPhase;
			buildActionMask = 2147483647;
			files = (
			);
			runOnlyForDeploymentPostprocessing = 0;
		};
		EBE65F7F2B1A4FB3003D865D /* Frameworks */ = {
			isa = PBXFrameworksBuildPhase;
			buildActionMask = 2147483647;
			files = (
			);
			runOnlyForDeploymentPostprocessing = 0;
		};
/* End PBXFrameworksBuildPhase section */

/* Begin PBXGroup section */
		EBE65F5F2B1A4FB2003D865D = {
			isa = PBXGroup;
			children = (
				EBE65F6A2B1A4FB2003D865D /* AndOne */,
				EBE65F7B2B1A4FB3003D865D /* AndOneTests */,
				EBE65F852B1A4FB3003D865D /* AndOneUITests */,
				EBE65F692B1A4FB2003D865D /* Products */,
			);
			sourceTree = "<group>";
		};
		EBE65F692B1A4FB2003D865D /* Products */ = {
			isa = PBXGroup;
			children = (
				EBE65F682B1A4FB2003D865D /* AndOne.app */,
				EBE65F782B1A4FB3003D865D /* AndOneTests.xctest */,
				EBE65F822B1A4FB3003D865D /* AndOneUITests.xctest */,
			);
			name = Products;
			sourceTree = "<group>";
		};
		EBE65F6A2B1A4FB2003D865D /* AndOne */ = {
			isa = PBXGroup;
			children = (
				EBF73D2E2B1BC20400849F9F /* Font */,
				EBF73D2B2B1BB3A900849F9F /* Info.plist */,
				EBE65F982B1A5082003D865D /* View */,
				EBE65F972B1A5077003D865D /* UICommon */,
				EBE65F962B1A506C003D865D /* Model */,
				EBE65F952B1A5060003D865D /* ViewModel */,
				EBE65F6B2B1A4FB2003D865D /* AndOneApp.swift */,
				EBE65F6D2B1A4FB2003D865D /* ContentView.swift */,
				EBE65F6F2B1A4FB3003D865D /* Assets.xcassets */,
				EBE65F712B1A4FB3003D865D /* Preview Content */,
			);
			path = AndOne;
			sourceTree = "<group>";
		};
		EBE65F712B1A4FB3003D865D /* Preview Content */ = {
			isa = PBXGroup;
			children = (
				EBE65F722B1A4FB3003D865D /* Preview Assets.xcassets */,
			);
			path = "Preview Content";
			sourceTree = "<group>";
		};
		EBE65F7B2B1A4FB3003D865D /* AndOneTests */ = {
			isa = PBXGroup;
			children = (
				EBE65F7C2B1A4FB3003D865D /* AndOneTests.swift */,
			);
			path = AndOneTests;
			sourceTree = "<group>";
		};
		EBE65F852B1A4FB3003D865D /* AndOneUITests */ = {
			isa = PBXGroup;
			children = (
				EBE65F862B1A4FB3003D865D /* AndOneUITests.swift */,
				EBE65F882B1A4FB3003D865D /* AndOneUITestsLaunchTests.swift */,
			);
			path = AndOneUITests;
			sourceTree = "<group>";
		};
		EBE65F952B1A5060003D865D /* ViewModel */ = {
			isa = PBXGroup;
			children = (
				EBF73D372B1CAE1600849F9F /* MainViewModel.swift */,
			);
			path = ViewModel;
			sourceTree = "<group>";
		};
		EBE65F962B1A506C003D865D /* Model */ = {
			isa = PBXGroup;
			children = (
			);
			path = Model;
			sourceTree = "<group>";
		};
		EBE65F972B1A5077003D865D /* UICommon */ = {
			isa = PBXGroup;
			children = (
				EBE65F9C2B1A5444003D865D /* UIExtension.swift */,
				EBE65FA72B1A6F90003D865D /* RoundButton.swift */,
				EBE65FAC2B1AB2F3003D865D /* CountryPickerUI.swift */,
				EBF73D392B1CB03500849F9F /* LineTextField.swift */,
			);
			path = UICommon;
			sourceTree = "<group>";
		};
		EBE65F982B1A5082003D865D /* View */ = {
			isa = PBXGroup;
			children = (
				EBE65F992B1A5119003D865D /* Login */,
			);
			path = View;
			sourceTree = "<group>";
		};
		EBE65F992B1A5119003D865D /* Login */ = {
			isa = PBXGroup;
			children = (
				EBE65F9A2B1A5126003D865D /* WelcomeView.swift */,
				EBE65FA92B1A73B4003D865D /* SignInView.swift */,
				EBF73D2C2B1BB91C00849F9F /* LoginView.swift */,
			);
			path = Login;
			sourceTree = "<group>";
		};
		EBF73D2E2B1BC20400849F9F /* Font */ = {
			isa = PBXGroup;
			children = (
				EBF73D302B1BC22200849F9F /* Gilroy-Bold.otf */,
				EBF73D322B1BC22200849F9F /* Gilroy-Medium.otf */,
				EBF73D312B1BC22200849F9F /* Gilroy-Regular.otf */,
				EBF73D2F2B1BC22200849F9F /* Gilroy-SemiBold.otf */,
			);
			path = Font;
			sourceTree = "<group>";
		};
/* End PBXGroup section */

/* Begin PBXNativeTarget section */
		EBE65F672B1A4FB2003D865D /* AndOne */ = {
			isa = PBXNativeTarget;
			buildConfigurationList = EBE65F8C2B1A4FB3003D865D /* Build configuration list for PBXNativeTarget "AndOne" */;
			buildPhases = (
				EBE65F642B1A4FB2003D865D /* Sources */,
				EBE65F652B1A4FB2003D865D /* Frameworks */,
				EBE65F662B1A4FB2003D865D /* Resources */,
			);
			buildRules = (
			);
			dependencies = (
			);
			name = AndOne;
			packageProductDependencies = (
				EBCBD82E2B1ABDB60088789B /* CountryPicker */,
			);
			productName = AndOne;
			productReference = EBE65F682B1A4FB2003D865D /* AndOne.app */;
			productType = "com.apple.product-type.application";
		};
		EBE65F772B1A4FB3003D865D /* AndOneTests */ = {
			isa = PBXNativeTarget;
			buildConfigurationList = EBE65F8F2B1A4FB3003D865D /* Build configuration list for PBXNativeTarget "AndOneTests" */;
			buildPhases = (
				EBE65F742B1A4FB3003D865D /* Sources */,
				EBE65F752B1A4FB3003D865D /* Frameworks */,
				EBE65F762B1A4FB3003D865D /* Resources */,
			);
			buildRules = (
			);
			dependencies = (
				EBE65F7A2B1A4FB3003D865D /* PBXTargetDependency */,
			);
			name = AndOneTests;
			productName = AndOneTests;
			productReference = EBE65F782B1A4FB3003D865D /* AndOneTests.xctest */;
			productType = "com.apple.product-type.bundle.unit-test";
		};
		EBE65F812B1A4FB3003D865D /* AndOneUITests */ = {
			isa = PBXNativeTarget;
			buildConfigurationList = EBE65F922B1A4FB3003D865D /* Build configuration list for PBXNativeTarget "AndOneUITests" */;
			buildPhases = (
				EBE65F7E2B1A4FB3003D865D /* Sources */,
				EBE65F7F2B1A4FB3003D865D /* Frameworks */,
				EBE65F802B1A4FB3003D865D /* Resources */,
			);
			buildRules = (
			);
			dependencies = (
				EBE65F842B1A4FB3003D865D /* PBXTargetDependency */,
			);
			name = AndOneUITests;
			productName = AndOneUITests;
			productReference = EBE65F822B1A4FB3003D865D /* AndOneUITests.xctest */;
			productType = "com.apple.product-type.bundle.ui-testing";
		};
/* End PBXNativeTarget section */

/* Begin PBXProject section */
		EBE65F602B1A4FB2003D865D /* Project object */ = {
			isa = PBXProject;
			attributes = {
				BuildIndependentTargetsInParallel = 1;
				LastSwiftUpdateCheck = 1420;
				LastUpgradeCheck = 1420;
				TargetAttributes = {
					EBE65F672B1A4FB2003D865D = {
						CreatedOnToolsVersion = 14.2;
					};
					EBE65F772B1A4FB3003D865D = {
						CreatedOnToolsVersion = 14.2;
						TestTargetID = EBE65F672B1A4FB2003D865D;
					};
					EBE65F812B1A4FB3003D865D = {
						CreatedOnToolsVersion = 14.2;
						TestTargetID = EBE65F672B1A4FB2003D865D;
					};
				};
			};
			buildConfigurationList = EBE65F632B1A4FB2003D865D /* Build configuration list for PBXProject "AndOne" */;
			compatibilityVersion = "Xcode 14.0";
			developmentRegion = en;
			hasScannedForEncodings = 0;
			knownRegions = (
				en,
				Base,
			);
			mainGroup = EBE65F5F2B1A4FB2003D865D;
			packageReferences = (
				EBCBD82D2B1ABDB60088789B /* XCRemoteSwiftPackageReference "CountryPicker" */,
			);
			productRefGroup = EBE65F692B1A4FB2003D865D /* Products */;
			projectDirPath = "";
			projectRoot = "";
			targets = (
				EBE65F672B1A4FB2003D865D /* AndOne */,
				EBE65F772B1A4FB3003D865D /* AndOneTests */,
				EBE65F812B1A4FB3003D865D /* AndOneUITests */,
			);
		};
/* End PBXProject section */

/* Begin PBXResourcesBuildPhase section */
		EBE65F662B1A4FB2003D865D /* Resources */ = {
			isa = PBXResourcesBuildPhase;
			buildActionMask = 2147483647;
			files = (
				EBF73D352B1BC22200849F9F /* Gilroy-Regular.otf in Resources */,
				EBE65F732B1A4FB3003D865D /* Preview Assets.xcassets in Resources */,
				EBF73D332B1BC22200849F9F /* Gilroy-SemiBold.otf in Resources */,
				EBF73D342B1BC22200849F9F /* Gilroy-Bold.otf in Resources */,
				EBF73D362B1BC22200849F9F /* Gilroy-Medium.otf in Resources */,
				EBE65F702B1A4FB3003D865D /* Assets.xcassets in Resources */,
			);
			runOnlyForDeploymentPostprocessing = 0;
		};
		EBE65F762B1A4FB3003D865D /* Resources */ = {
			isa = PBXResourcesBuildPhase;
			buildActionMask = 2147483647;
			files = (
			);
			runOnlyForDeploymentPostprocessing = 0;
		};
		EBE65F802B1A4FB3003D865D /* Resources */ = {
			isa = PBXResourcesBuildPhase;
			buildActionMask = 2147483647;
			files = (
			);
			runOnlyForDeploymentPostprocessing = 0;
		};
/* End PBXResourcesBuildPhase section */

/* Begin PBXSourcesBuildPhase section */
		EBE65F642B1A4FB2003D865D /* Sources */ = {
			isa = PBXSourcesBuildPhase;
			buildActionMask = 2147483647;
			files = (
				EBE65FAD2B1AB2F3003D865D /* CountryPickerUI.swift in Sources */,
				EBE65FAA2B1A73B4003D865D /* SignInView.swift in Sources */,
				EBE65F6E2B1A4FB2003D865D /* ContentView.swift in Sources */,
				EBE65FA82B1A6F90003D865D /* RoundButton.swift in Sources */,
				EBE65F9B2B1A5126003D865D /* WelcomeView.swift in Sources */,
				EBE65F6C2B1A4FB2003D865D /* AndOneApp.swift in Sources */,
				EBF73D2D2B1BB91C00849F9F /* LoginView.swift in Sources */,
				EBE65F9D2B1A5444003D865D /* UIExtension.swift in Sources */,
				EBF73D382B1CAE1600849F9F /* MainViewModel.swift in Sources */,
				EBF73D3A2B1CB03500849F9F /* LineTextField.swift in Sources */,
			);
			runOnlyForDeploymentPostprocessing = 0;
		};
		EBE65F742B1A4FB3003D865D /* Sources */ = {
			isa = PBXSourcesBuildPhase;
			buildActionMask = 2147483647;
			files = (
				EBE65F7D2B1A4FB3003D865D /* AndOneTests.swift in Sources */,
			);
			runOnlyForDeploymentPostprocessing = 0;
		};
		EBE65F7E2B1A4FB3003D865D /* Sources */ = {
			isa = PBXSourcesBuildPhase;
			buildActionMask = 2147483647;
			files = (
				EBE65F872B1A4FB3003D865D /* AndOneUITests.swift in Sources */,
				EBE65F892B1A4FB3003D865D /* AndOneUITestsLaunchTests.swift in Sources */,
			);
			runOnlyForDeploymentPostprocessing = 0;
		};
/* End PBXSourcesBuildPhase section */

/* Begin PBXTargetDependency section */
		EBE65F7A2B1A4FB3003D865D /* PBXTargetDependency */ = {
			isa = PBXTargetDependency;
			target = EBE65F672B1A4FB2003D865D /* AndOne */;
			targetProxy = EBE65F792B1A4FB3003D865D /* PBXContainerItemProxy */;
		};
		EBE65F842B1A4FB3003D865D /* PBXTargetDependency */ = {
			isa = PBXTargetDependency;
			target = EBE65F672B1A4FB2003D865D /* AndOne */;
			targetProxy = EBE65F832B1A4FB3003D865D /* PBXContainerItemProxy */;
		};
/* End PBXTargetDependency section */

/* Begin XCBuildConfiguration section */
		EBE65F8A2B1A4FB3003D865D /* Debug */ = {
			isa = XCBuildConfiguration;
			buildSettings = {
				ALWAYS_SEARCH_USER_PATHS = NO;
				CLANG_ANALYZER_NONNULL = YES;
				CLANG_ANALYZER_NUMBER_OBJECT_CONVERSION = YES_AGGRESSIVE;
				CLANG_CXX_LANGUAGE_STANDARD = "gnu++20";
				CLANG_ENABLE_MODULES = YES;
				CLANG_ENABLE_OBJC_ARC = YES;
				CLANG_ENABLE_OBJC_WEAK = YES;
				CLANG_WARN_BLOCK_CAPTURE_AUTORELEASING = YES;
				CLANG_WARN_BOOL_CONVERSION = YES;
				CLANG_WARN_COMMA = YES;
				CLANG_WARN_CONSTANT_CONVERSION = YES;
				CLANG_WARN_DEPRECATED_OBJC_IMPLEMENTATIONS = YES;
				CLANG_WARN_DIRECT_OBJC_ISA_USAGE = YES_ERROR;
				CLANG_WARN_DOCUMENTATION_COMMENTS = YES;
				CLANG_WARN_EMPTY_BODY = YES;
				CLANG_WARN_ENUM_CONVERSION = YES;
				CLANG_WARN_INFINITE_RECURSION = YES;
				CLANG_WARN_INT_CONVERSION = YES;
				CLANG_WARN_NON_LITERAL_NULL_CONVERSION = YES;
				CLANG_WARN_OBJC_IMPLICIT_RETAIN_SELF = YES;
				CLANG_WARN_OBJC_LITERAL_CONVERSION = YES;
				CLANG_WARN_OBJC_ROOT_CLASS = YES_ERROR;
				CLANG_WARN_QUOTED_INCLUDE_IN_FRAMEWORK_HEADER = YES;
				CLANG_WARN_RANGE_LOOP_ANALYSIS = YES;
				CLANG_WARN_STRICT_PROTOTYPES = YES;
				CLANG_WARN_SUSPICIOUS_MOVE = YES;
				CLANG_WARN_UNGUARDED_AVAILABILITY = YES_AGGRESSIVE;
				CLANG_WARN_UNREACHABLE_CODE = YES;
				CLANG_WARN__DUPLICATE_METHOD_MATCH = YES;
				COPY_PHASE_STRIP = NO;
				DEBUG_INFORMATION_FORMAT = dwarf;
				ENABLE_STRICT_OBJC_MSGSEND = YES;
				ENABLE_TESTABILITY = YES;
				GCC_C_LANGUAGE_STANDARD = gnu11;
				GCC_DYNAMIC_NO_PIC = NO;
				GCC_NO_COMMON_BLOCKS = YES;
				GCC_OPTIMIZATION_LEVEL = 0;
				GCC_PREPROCESSOR_DEFINITIONS = (
					"DEBUG=1",
					"$(inherited)",
				);
				GCC_WARN_64_TO_32_BIT_CONVERSION = YES;
				GCC_WARN_ABOUT_RETURN_TYPE = YES_ERROR;
				GCC_WARN_UNDECLARED_SELECTOR = YES;
				GCC_WARN_UNINITIALIZED_AUTOS = YES_AGGRESSIVE;
				GCC_WARN_UNUSED_FUNCTION = YES;
				GCC_WARN_UNUSED_VARIABLE = YES;
				IPHONEOS_DEPLOYMENT_TARGET = 16.2;
				MTL_ENABLE_DEBUG_INFO = INCLUDE_SOURCE;
				MTL_FAST_MATH = YES;
				ONLY_ACTIVE_ARCH = YES;
				SDKROOT = iphoneos;
				SWIFT_ACTIVE_COMPILATION_CONDITIONS = DEBUG;
				SWIFT_OPTIMIZATION_LEVEL = "-Onone";
			};
			name = Debug;
		};
		EBE65F8B2B1A4FB3003D865D /* Release */ = {
			isa = XCBuildConfiguration;
			buildSettings = {
				ALWAYS_SEARCH_USER_PATHS = NO;
				CLANG_ANALYZER_NONNULL = YES;
				CLANG_ANALYZER_NUMBER_OBJECT_CONVERSION = YES_AGGRESSIVE;
				CLANG_CXX_LANGUAGE_STANDARD = "gnu++20";
				CLANG_ENABLE_MODULES = YES;
				CLANG_ENABLE_OBJC_ARC = YES;
				CLANG_ENABLE_OBJC_WEAK = YES;
				CLANG_WARN_BLOCK_CAPTURE_AUTORELEASING = YES;
				CLANG_WARN_BOOL_CONVERSION = YES;
				CLANG_WARN_COMMA = YES;
				CLANG_WARN_CONSTANT_CONVERSION = YES;
				CLANG_WARN_DEPRECATED_OBJC_IMPLEMENTATIONS = YES;
				CLANG_WARN_DIRECT_OBJC_ISA_USAGE = YES_ERROR;
				CLANG_WARN_DOCUMENTATION_COMMENTS = YES;
				CLANG_WARN_EMPTY_BODY = YES;
				CLANG_WARN_ENUM_CONVERSION = YES;
				CLANG_WARN_INFINITE_RECURSION = YES;
				CLANG_WARN_INT_CONVERSION = YES;
				CLANG_WARN_NON_LITERAL_NULL_CONVERSION = YES;
				CLANG_WARN_OBJC_IMPLICIT_RETAIN_SELF = YES;
				CLANG_WARN_OBJC_LITERAL_CONVERSION = YES;
				CLANG_WARN_OBJC_ROOT_CLASS = YES_ERROR;
				CLANG_WARN_QUOTED_INCLUDE_IN_FRAMEWORK_HEADER = YES;
				CLANG_WARN_RANGE_LOOP_ANALYSIS = YES;
				CLANG_WARN_STRICT_PROTOTYPES = YES;
				CLANG_WARN_SUSPICIOUS_MOVE = YES;
				CLANG_WARN_UNGUARDED_AVAILABILITY = YES_AGGRESSIVE;
				CLANG_WARN_UNREACHABLE_CODE = YES;
				CLANG_WARN__DUPLICATE_METHOD_MATCH = YES;
				COPY_PHASE_STRIP = NO;
				DEBUG_INFORMATION_FORMAT = "dwarf-with-dsym";
				ENABLE_NS_ASSERTIONS = NO;
				ENABLE_STRICT_OBJC_MSGSEND = YES;
				GCC_C_LANGUAGE_STANDARD = gnu11;
				GCC_NO_COMMON_BLOCKS = YES;
				GCC_WARN_64_TO_32_BIT_CONVERSION = YES;
				GCC_WARN_ABOUT_RETURN_TYPE = YES_ERROR;
				GCC_WARN_UNDECLARED_SELECTOR = YES;
				GCC_WARN_UNINITIALIZED_AUTOS = YES_AGGRESSIVE;
				GCC_WARN_UNUSED_FUNCTION = YES;
				GCC_WARN_UNUSED_VARIABLE = YES;
				IPHONEOS_DEPLOYMENT_TARGET = 16.2;
				MTL_ENABLE_DEBUG_INFO = NO;
				MTL_FAST_MATH = YES;
				SDKROOT = iphoneos;
				SWIFT_COMPILATION_MODE = wholemodule;
				SWIFT_OPTIMIZATION_LEVEL = "-O";
				VALIDATE_PRODUCT = YES;
			};
			name = Release;
		};
		EBE65F8D2B1A4FB3003D865D /* Debug */ = {
			isa = XCBuildConfiguration;
			buildSettings = {
				ASSETCATALOG_COMPILER_APPICON_NAME = AppIcon;
				ASSETCATALOG_COMPILER_GLOBAL_ACCENT_COLOR_NAME = AccentColor;
				CODE_SIGN_STYLE = Automatic;
				CURRENT_PROJECT_VERSION = 1;
				DEVELOPMENT_ASSET_PATHS = "\"AndOne/Preview Content\"";
				DEVELOPMENT_TEAM = RMW39T9JB4;
				ENABLE_PREVIEWS = YES;
				GENERATE_INFOPLIST_FILE = YES;
				INFOPLIST_FILE = AndOne/Info.plist;
				INFOPLIST_KEY_UIApplicationSceneManifest_Generation = YES;
				INFOPLIST_KEY_UIApplicationSupportsIndirectInputEvents = YES;
				INFOPLIST_KEY_UILaunchScreen_Generation = YES;
				INFOPLIST_KEY_UISupportedInterfaceOrientations_iPad = "UIInterfaceOrientationPortrait UIInterfaceOrientationPortraitUpsideDown UIInterfaceOrientationLandscapeLeft UIInterfaceOrientationLandscapeRight";
				INFOPLIST_KEY_UISupportedInterfaceOrientations_iPhone = "UIInterfaceOrientationPortrait UIInterfaceOrientationLandscapeLeft UIInterfaceOrientationLandscapeRight";
				LD_RUNPATH_SEARCH_PATHS = (
					"$(inherited)",
					"@executable_path/Frameworks",
				);
				MARKETING_VERSION = 1.0;
				PRODUCT_BUNDLE_IDENTIFIER = aldiyar.AndOne;
				PRODUCT_NAME = "$(TARGET_NAME)";
				SWIFT_EMIT_LOC_STRINGS = YES;
				SWIFT_VERSION = 5.0;
				TARGETED_DEVICE_FAMILY = "1,2";
			};
			name = Debug;
		};
		EBE65F8E2B1A4FB3003D865D /* Release */ = {
			isa = XCBuildConfiguration;
			buildSettings = {
				ASSETCATALOG_COMPILER_APPICON_NAME = AppIcon;
				ASSETCATALOG_COMPILER_GLOBAL_ACCENT_COLOR_NAME = AccentColor;
				CODE_SIGN_STYLE = Automatic;
				CURRENT_PROJECT_VERSION = 1;
				DEVELOPMENT_ASSET_PATHS = "\"AndOne/Preview Content\"";
				DEVELOPMENT_TEAM = RMW39T9JB4;
				ENABLE_PREVIEWS = YES;
				GENERATE_INFOPLIST_FILE = YES;
				INFOPLIST_FILE = AndOne/Info.plist;
				INFOPLIST_KEY_UIApplicationSceneManifest_Generation = YES;
				INFOPLIST_KEY_UIApplicationSupportsIndirectInputEvents = YES;
				INFOPLIST_KEY_UILaunchScreen_Generation = YES;
				INFOPLIST_KEY_UISupportedInterfaceOrientations_iPad = "UIInterfaceOrientationPortrait UIInterfaceOrientationPortraitUpsideDown UIInterfaceOrientationLandscapeLeft UIInterfaceOrientationLandscapeRight";
				INFOPLIST_KEY_UISupportedInterfaceOrientations_iPhone = "UIInterfaceOrientationPortrait UIInterfaceOrientationLandscapeLeft UIInterfaceOrientationLandscapeRight";
				LD_RUNPATH_SEARCH_PATHS = (
					"$(inherited)",
					"@executable_path/Frameworks",
				);
				MARKETING_VERSION = 1.0;
				PRODUCT_BUNDLE_IDENTIFIER = aldiyar.AndOne;
				PRODUCT_NAME = "$(TARGET_NAME)";
				SWIFT_EMIT_LOC_STRINGS = YES;
				SWIFT_VERSION = 5.0;
				TARGETED_DEVICE_FAMILY = "1,2";
			};
			name = Release;
		};
		EBE65F902B1A4FB3003D865D /* Debug */ = {
			isa = XCBuildConfiguration;
			buildSettings = {
				ALWAYS_EMBED_SWIFT_STANDARD_LIBRARIES = YES;
				BUNDLE_LOADER = "$(TEST_HOST)";
				CODE_SIGN_STYLE = Automatic;
				CURRENT_PROJECT_VERSION = 1;
				DEVELOPMENT_TEAM = RMW39T9JB4;
				GENERATE_INFOPLIST_FILE = YES;
				IPHONEOS_DEPLOYMENT_TARGET = 16.2;
				MARKETING_VERSION = 1.0;
				PRODUCT_BUNDLE_IDENTIFIER = aldiyar.AndOneTests;
				PRODUCT_NAME = "$(TARGET_NAME)";
				SWIFT_EMIT_LOC_STRINGS = NO;
				SWIFT_VERSION = 5.0;
				TARGETED_DEVICE_FAMILY = "1,2";
				TEST_HOST = "$(BUILT_PRODUCTS_DIR)/AndOne.app/$(BUNDLE_EXECUTABLE_FOLDER_PATH)/AndOne";
			};
			name = Debug;
		};
		EBE65F912B1A4FB3003D865D /* Release */ = {
			isa = XCBuildConfiguration;
			buildSettings = {
				ALWAYS_EMBED_SWIFT_STANDARD_LIBRARIES = YES;
				BUNDLE_LOADER = "$(TEST_HOST)";
				CODE_SIGN_STYLE = Automatic;
				CURRENT_PROJECT_VERSION = 1;
				DEVELOPMENT_TEAM = RMW39T9JB4;
				GENERATE_INFOPLIST_FILE = YES;
				IPHONEOS_DEPLOYMENT_TARGET = 16.2;
				MARKETING_VERSION = 1.0;
				PRODUCT_BUNDLE_IDENTIFIER = aldiyar.AndOneTests;
				PRODUCT_NAME = "$(TARGET_NAME)";
				SWIFT_EMIT_LOC_STRINGS = NO;
				SWIFT_VERSION = 5.0;
				TARGETED_DEVICE_FAMILY = "1,2";
				TEST_HOST = "$(BUILT_PRODUCTS_DIR)/AndOne.app/$(BUNDLE_EXECUTABLE_FOLDER_PATH)/AndOne";
			};
			name = Release;
		};
		EBE65F932B1A4FB3003D865D /* Debug */ = {
			isa = XCBuildConfiguration;
			buildSettings = {
				ALWAYS_EMBED_SWIFT_STANDARD_LIBRARIES = YES;
				CODE_SIGN_STYLE = Automatic;
				CURRENT_PROJECT_VERSION = 1;
				DEVELOPMENT_TEAM = RMW39T9JB4;
				GENERATE_INFOPLIST_FILE = YES;
				MARKETING_VERSION = 1.0;
				PRODUCT_BUNDLE_IDENTIFIER = aldiyar.AndOneUITests;
				PRODUCT_NAME = "$(TARGET_NAME)";
				SWIFT_EMIT_LOC_STRINGS = NO;
				SWIFT_VERSION = 5.0;
				TARGETED_DEVICE_FAMILY = "1,2";
				TEST_TARGET_NAME = AndOne;
			};
			name = Debug;
		};
		EBE65F942B1A4FB3003D865D /* Release */ = {
			isa = XCBuildConfiguration;
			buildSettings = {
				ALWAYS_EMBED_SWIFT_STANDARD_LIBRARIES = YES;
				CODE_SIGN_STYLE = Automatic;
				CURRENT_PROJECT_VERSION = 1;
				DEVELOPMENT_TEAM = RMW39T9JB4;
				GENERATE_INFOPLIST_FILE = YES;
				MARKETING_VERSION = 1.0;
				PRODUCT_BUNDLE_IDENTIFIER = aldiyar.AndOneUITests;
				PRODUCT_NAME = "$(TARGET_NAME)";
				SWIFT_EMIT_LOC_STRINGS = NO;
				SWIFT_VERSION = 5.0;
				TARGETED_DEVICE_FAMILY = "1,2";
				TEST_TARGET_NAME = AndOne;
			};
			name = Release;
		};
/* End XCBuildConfiguration section */

/* Begin XCConfigurationList section */
		EBE65F632B1A4FB2003D865D /* Build configuration list for PBXProject "AndOne" */ = {
			isa = XCConfigurationList;
			buildConfigurations = (
				EBE65F8A2B1A4FB3003D865D /* Debug */,
				EBE65F8B2B1A4FB3003D865D /* Release */,
			);
			defaultConfigurationIsVisible = 0;
			defaultConfigurationName = Release;
		};
		EBE65F8C2B1A4FB3003D865D /* Build configuration list for PBXNativeTarget "AndOne" */ = {
			isa = XCConfigurationList;
			buildConfigurations = (
				EBE65F8D2B1A4FB3003D865D /* Debug */,
				EBE65F8E2B1A4FB3003D865D /* Release */,
			);
			defaultConfigurationIsVisible = 0;
			defaultConfigurationName = Release;
		};
		EBE65F8F2B1A4FB3003D865D /* Build configuration list for PBXNativeTarget "AndOneTests" */ = {
			isa = XCConfigurationList;
			buildConfigurations = (
				EBE65F902B1A4FB3003D865D /* Debug */,
				EBE65F912B1A4FB3003D865D /* Release */,
			);
			defaultConfigurationIsVisible = 0;
			defaultConfigurationName = Release;
		};
		EBE65F922B1A4FB3003D865D /* Build configuration list for PBXNativeTarget "AndOneUITests" */ = {
			isa = XCConfigurationList;
			buildConfigurations = (
				EBE65F932B1A4FB3003D865D /* Debug */,
				EBE65F942B1A4FB3003D865D /* Release */,
			);
			defaultConfigurationIsVisible = 0;
			defaultConfigurationName = Release;
		};
/* End XCConfigurationList section */

/* Begin XCRemoteSwiftPackageReference section */
		EBCBD82D2B1ABDB60088789B /* XCRemoteSwiftPackageReference "CountryPicker" */ = {
			isa = XCRemoteSwiftPackageReference;
			repositoryURL = "https://github.com/mobven/CountryPicker.git";
			requirement = {
				kind = exactVersion;
				version = 1.0.8;
			};
		};
/* End XCRemoteSwiftPackageReference section */

/* Begin XCSwiftPackageProductDependency section */
		EBCBD82E2B1ABDB60088789B /* CountryPicker */ = {
			isa = XCSwiftPackageProductDependency;
			package = EBCBD82D2B1ABDB60088789B /* XCRemoteSwiftPackageReference "CountryPicker" */;
			productName = CountryPicker;
		};
/* End XCSwiftPackageProductDependency section */
	};
	rootObject = EBE65F602B1A4FB2003D865D /* Project object */;
}
